
Microsoft Visual Studio Solution File, Format Version 12.00
# Visual Studio Version 17
VisualStudioVersion = 17.4.33205.214
MinimumVisualStudioVersion = 10.0.40219.1
Project("{9A19103F-16F7-4668-BE54-9A1E7A4F7556}") = "Charms Bar Port", "CharmsBar\Charms Bar Port.csproj", "{DE18D72E-1E9F-4086-AE7C-6689D7A6A2BA}"
EndProject
Global
	GlobalSection(SolutionConfigurationPlatforms) = preSolution
		Debug|Any CPU = Debug|Any CPU
		Release|Any CPU = Release|Any CPU
	EndGlobalSection
	GlobalSection(ProjectConfigurationPlatforms) = postSolution
		{DE18D72E-1E9F-4086-AE7C-6689D7A6A2BA}.Debug|Any CPU.ActiveCfg = Debug|Any CPU
		{DE18D72E-1E9F-4086-AE7C-6689D7A6A2BA}.Debug|Any CPU.Build.0 = Debug|Any CPU
		{DE18D72E-1E9F-4086-AE7C-6689D7A6A2BA}.Release|Any CPU.ActiveCfg = Release|Any CPU
		{DE18D72E-1E9F-4086-AE7C-6689D7A6A2BA}.Release|Any CPU.Build.0 = Release|Any CPU
	EndGlobalSection
	GlobalSection(SolutionProperties) = preSolution
		HideSolutionNode = FALSE
	EndGlobalSection
	GlobalSection(ExtensibilityGlobals) = postSolution
		SolutionGuid = {440C0EBA-B1B1-4219-BFF5-C3C2ADFBDC94}
	EndGlobalSection
EndGlobal
